
Microsoft Visual Studio Solution File, Format Version 12.00
# Visual Studio 15
VisualStudioVersion = 15.0.28307.168
MinimumVisualStudioVersion = 10.0.40219.1
Project("{FAE04EC0-301F-11D3-BF4B-00C04F79EFBC}") = "ReGen", "Regen\ReGen\ReGen.csproj", "{C45D30AC-E8A2-4F59-882C-94B95C6CA5B9}"
EndProject
Project("{FAE04EC0-301F-11D3-BF4B-00C04F79EFBC}") = "XmlConnector", "Regen\XmlConnector\XmlConnector.csproj", "{2BA5984A-C811-4644-933D-E81EE1BD2310}"
	ProjectSection(ProjectDependencies) = postProject
		{85B3699A-ED2F-4315-992E-0970CC027951} = {85B3699A-ED2F-4315-992E-0970CC027951}
	EndProjectSection
EndProject
Project("{FAE04EC0-301F-11D3-BF4B-00C04F79EFBC}") = "VirtualConnectors", "Regen\ReGen\VirtualCOnnectors\VirtualConnectors.csproj", "{F32F9C27-B171-4915-BCA6-745AD5C0BBDC}"
	ProjectSection(ProjectDependencies) = postProject
		{85B3699A-ED2F-4315-992E-0970CC027951} = {85B3699A-ED2F-4315-992E-0970CC027951}
	EndProjectSection
EndProject
Project("{54435603-DBB4-11D2-8724-00A0C9A8B90C}") = "Regen Setup x86", "Regen\Install Regen\Install Regen.vdproj", "{CC64DF99-111F-4A6F-91B6-4CDF1D3BBD4E}"
EndProject
Project("{8BC9CEB8-8B4A-11D0-8D11-00A0C91BC942}") = "lApproachDll", "Regen\lApproachDll\lApproachDll.vcxproj", "{85B3699A-ED2F-4315-992E-0970CC027951}"
EndProject
Project("{FAE04EC0-301F-11D3-BF4B-00C04F79EFBC}") = "ThreeDConnector", "Regen\ThreeDConnector\ThreeDConnector.csproj", "{FF1FF24C-32AE-493E-870D-475C32C44B65}"
	ProjectSection(ProjectDependencies) = postProject
		{85B3699A-ED2F-4315-992E-0970CC027951} = {85B3699A-ED2F-4315-992E-0970CC027951}
	EndProjectSection
EndProject
Project("{FAE04EC0-301F-11D3-BF4B-00C04F79EFBC}") = "Sintec.Tool", "Sintec.Tool\Sintec.Tool.csproj", "{27F6734F-F19A-4D64-B6FC-A0A4D8ACA5F9}"
EndProject
Project("{FAE04EC0-301F-11D3-BF4B-00C04F79EFBC}") = "S7Connector", "Regen\S7Connector\S7Connector.csproj", "{0E9350B1-52CA-4ED2-A738-3D43F5FC4092}"
EndProject
Project("{54435603-DBB4-11D2-8724-00A0C9A8B90C}") = "Regen Setup x64", "Regen\Install Regen x64\Install Regen x64.vdproj", "{3B1E544C-D91A-43B5-A69A-3BB013402561}"
EndProject
Project("{FAE04EC0-301F-11D3-BF4B-00C04F79EFBC}") = "ModBusTCPIPConnector", "Regen\ModBusTCPIPConnector\ModBusTCPIPConnector.csproj", "{E02A3C5F-07AB-44BA-9689-49748589C888}"
EndProject
Global
	GlobalSection(SolutionConfigurationPlatforms) = preSolution
		Debug|Any CPU = Debug|Any CPU
		Debug|ARM = Debug|ARM
		Debug|Mixed Platforms = Debug|Mixed Platforms
		Debug|Win32 = Debug|Win32
		Debug|x64 = Debug|x64
		Debug|x86 = Debug|x86
		Release installer|Any CPU = Release installer|Any CPU
		Release installer|ARM = Release installer|ARM
		Release installer|Mixed Platforms = Release installer|Mixed Platforms
		Release installer|Win32 = Release installer|Win32
		Release installer|x64 = Release installer|x64
		Release installer|x86 = Release installer|x86
		Release|Any CPU = Release|Any CPU
		Release|ARM = Release|ARM
		Release|Mixed Platforms = Release|Mixed Platforms
		Release|Win32 = Release|Win32
		Release|x64 = Release|x64
		Release|x86 = Release|x86
	EndGlobalSection
	GlobalSection(ProjectConfigurationPlatforms) = postSolution
		{C45D30AC-E8A2-4F59-882C-94B95C6CA5B9}.Debug|Any CPU.ActiveCfg = Debug|x86
		{C45D30AC-E8A2-4F59-882C-94B95C6CA5B9}.Debug|Any CPU.Build.0 = Debug|x86
		{C45D30AC-E8A2-4F59-882C-94B95C6CA5B9}.Debug|ARM.ActiveCfg = Debug|Any CPU
		{C45D30AC-E8A2-4F59-882C-94B95C6CA5B9}.Debug|ARM.Build.0 = Debug|Any CPU
		{C45D30AC-E8A2-4F59-882C-94B95C6CA5B9}.Debug|Mixed Platforms.ActiveCfg = Debug|x86
		{C45D30AC-E8A2-4F59-882C-94B95C6CA5B9}.Debug|Mixed Platforms.Build.0 = Debug|x86
		{C45D30AC-E8A2-4F59-882C-94B95C6CA5B9}.Debug|Win32.ActiveCfg = Debug|x64
		{C45D30AC-E8A2-4F59-882C-94B95C6CA5B9}.Debug|x64.ActiveCfg = Debug|x64
		{C45D30AC-E8A2-4F59-882C-94B95C6CA5B9}.Debug|x64.Build.0 = Debug|x64
		{C45D30AC-E8A2-4F59-882C-94B95C6CA5B9}.Debug|x86.ActiveCfg = Debug|x86
		{C45D30AC-E8A2-4F59-882C-94B95C6CA5B9}.Debug|x86.Build.0 = Debug|x86
		{C45D30AC-E8A2-4F59-882C-94B95C6CA5B9}.Release installer|Any CPU.ActiveCfg = Release installer|Any CPU
		{C45D30AC-E8A2-4F59-882C-94B95C6CA5B9}.Release installer|ARM.ActiveCfg = Release installer|Any CPU
		{C45D30AC-E8A2-4F59-882C-94B95C6CA5B9}.Release installer|ARM.Build.0 = Release installer|Any CPU
		{C45D30AC-E8A2-4F59-882C-94B95C6CA5B9}.Release installer|Mixed Platforms.ActiveCfg = Release installer|x86
		{C45D30AC-E8A2-4F59-882C-94B95C6CA5B9}.Release installer|Mixed Platforms.Build.0 = Release installer|x86
		{C45D30AC-E8A2-4F59-882C-94B95C6CA5B9}.Release installer|Win32.ActiveCfg = Release installer|x86
		{C45D30AC-E8A2-4F59-882C-94B95C6CA5B9}.Release installer|Win32.Build.0 = Release installer|x86
		{C45D30AC-E8A2-4F59-882C-94B95C6CA5B9}.Release installer|x64.ActiveCfg = Release installer|x64
		{C45D30AC-E8A2-4F59-882C-94B95C6CA5B9}.Release installer|x86.ActiveCfg = Release installer|x86
		{C45D30AC-E8A2-4F59-882C-94B95C6CA5B9}.Release|Any CPU.ActiveCfg = Release|x86
		{C45D30AC-E8A2-4F59-882C-94B95C6CA5B9}.Release|ARM.ActiveCfg = Release|Any CPU
		{C45D30AC-E8A2-4F59-882C-94B95C6CA5B9}.Release|ARM.Build.0 = Release|Any CPU
		{C45D30AC-E8A2-4F59-882C-94B95C6CA5B9}.Release|Mixed Platforms.ActiveCfg = Release|x86
		{C45D30AC-E8A2-4F59-882C-94B95C6CA5B9}.Release|Mixed Platforms.Build.0 = Release|x86
		{C45D30AC-E8A2-4F59-882C-94B95C6CA5B9}.Release|Win32.ActiveCfg = Release|x64
		{C45D30AC-E8A2-4F59-882C-94B95C6CA5B9}.Release|x64.ActiveCfg = Release|x64
		{C45D30AC-E8A2-4F59-882C-94B95C6CA5B9}.Release|x64.Build.0 = Release|x64
		{C45D30AC-E8A2-4F59-882C-94B95C6CA5B9}.Release|x86.ActiveCfg = Release|x86
		{C45D30AC-E8A2-4F59-882C-94B95C6CA5B9}.Release|x86.Build.0 = Release|x86
		{2BA5984A-C811-4644-933D-E81EE1BD2310}.Debug|Any CPU.ActiveCfg = Debug|Any CPU
		{2BA5984A-C811-4644-933D-E81EE1BD2310}.Debug|Any CPU.Build.0 = Debug|Any CPU
		{2BA5984A-C811-4644-933D-E81EE1BD2310}.Debug|ARM.ActiveCfg = Debug|Any CPU
		{2BA5984A-C811-4644-933D-E81EE1BD2310}.Debug|ARM.Build.0 = Debug|Any CPU
		{2BA5984A-C811-4644-933D-E81EE1BD2310}.Debug|Mixed Platforms.ActiveCfg = Debug|Any CPU
		{2BA5984A-C811-4644-933D-E81EE1BD2310}.Debug|Mixed Platforms.Build.0 = Debug|Any CPU
		{2BA5984A-C811-4644-933D-E81EE1BD2310}.Debug|Win32.ActiveCfg = Debug|x64
		{2BA5984A-C811-4644-933D-E81EE1BD2310}.Debug|x64.ActiveCfg = Debug|x64
		{2BA5984A-C811-4644-933D-E81EE1BD2310}.Debug|x64.Build.0 = Debug|x64
		{2BA5984A-C811-4644-933D-E81EE1BD2310}.Debug|x86.ActiveCfg = Debug|x86
		{2BA5984A-C811-4644-933D-E81EE1BD2310}.Debug|x86.Build.0 = Debug|x86
		{2BA5984A-C811-4644-933D-E81EE1BD2310}.Release installer|Any CPU.ActiveCfg = Release installer|Any CPU
		{2BA5984A-C811-4644-933D-E81EE1BD2310}.Release installer|ARM.ActiveCfg = Release installer|Any CPU
		{2BA5984A-C811-4644-933D-E81EE1BD2310}.Release installer|ARM.Build.0 = Release installer|Any CPU
		{2BA5984A-C811-4644-933D-E81EE1BD2310}.Release installer|Mixed Platforms.ActiveCfg = Release installer|x86
		{2BA5984A-C811-4644-933D-E81EE1BD2310}.Release installer|Mixed Platforms.Build.0 = Release installer|x86
		{2BA5984A-C811-4644-933D-E81EE1BD2310}.Release installer|Win32.ActiveCfg = Release installer|x86
		{2BA5984A-C811-4644-933D-E81EE1BD2310}.Release installer|Win32.Build.0 = Release installer|x86
		{2BA5984A-C811-4644-933D-E81EE1BD2310}.Release installer|x64.ActiveCfg = Release installer|x64
		{2BA5984A-C811-4644-933D-E81EE1BD2310}.Release installer|x86.ActiveCfg = Release installer|x86
		{2BA5984A-C811-4644-933D-E81EE1BD2310}.Release|Any CPU.ActiveCfg = Release|Any CPU
		{2BA5984A-C811-4644-933D-E81EE1BD2310}.Release|Any CPU.Build.0 = Release|Any CPU
		{2BA5984A-C811-4644-933D-E81EE1BD2310}.Release|ARM.ActiveCfg = Release|Any CPU
		{2BA5984A-C811-4644-933D-E81EE1BD2310}.Release|ARM.Build.0 = Release|Any CPU
		{2BA5984A-C811-4644-933D-E81EE1BD2310}.Release|Mixed Platforms.ActiveCfg = Release|Any CPU
		{2BA5984A-C811-4644-933D-E81EE1BD2310}.Release|Mixed Platforms.Build.0 = Release|Any CPU
		{2BA5984A-C811-4644-933D-E81EE1BD2310}.Release|Win32.ActiveCfg = Release|x64
		{2BA5984A-C811-4644-933D-E81EE1BD2310}.Release|x64.ActiveCfg = Release|x64
		{2BA5984A-C811-4644-933D-E81EE1BD2310}.Release|x64.Build.0 = Release|x64
		{2BA5984A-C811-4644-933D-E81EE1BD2310}.Release|x86.ActiveCfg = Release|x86
		{2BA5984A-C811-4644-933D-E81EE1BD2310}.Release|x86.Build.0 = Release|x86
		{F32F9C27-B171-4915-BCA6-745AD5C0BBDC}.Debug|Any CPU.ActiveCfg = Debug|Any CPU
		{F32F9C27-B171-4915-BCA6-745AD5C0BBDC}.Debug|Any CPU.Build.0 = Debug|Any CPU
		{F32F9C27-B171-4915-BCA6-745AD5C0BBDC}.Debug|ARM.ActiveCfg = Debug|Any CPU
		{F32F9C27-B171-4915-BCA6-745AD5C0BBDC}.Debug|ARM.Build.0 = Debug|Any CPU
		{F32F9C27-B171-4915-BCA6-745AD5C0BBDC}.Debug|Mixed Platforms.ActiveCfg = Debug|Any CPU
		{F32F9C27-B171-4915-BCA6-745AD5C0BBDC}.Debug|Mixed Platforms.Build.0 = Debug|Any CPU
		{F32F9C27-B171-4915-BCA6-745AD5C0BBDC}.Debug|Win32.ActiveCfg = Debug|x64
		{F32F9C27-B171-4915-BCA6-745AD5C0BBDC}.Debug|x64.ActiveCfg = Debug|x64
		{F32F9C27-B171-4915-BCA6-745AD5C0BBDC}.Debug|x64.Build.0 = Debug|x64
		{F32F9C27-B171-4915-BCA6-745AD5C0BBDC}.Debug|x86.ActiveCfg = Debug|x86
		{F32F9C27-B171-4915-BCA6-745AD5C0BBDC}.Debug|x86.Build.0 = Debug|x86
		{F32F9C27-B171-4915-BCA6-745AD5C0BBDC}.Release installer|Any CPU.ActiveCfg = Release installer|Any CPU
		{F32F9C27-B171-4915-BCA6-745AD5C0BBDC}.Release installer|ARM.ActiveCfg = Release installer|Any CPU
		{F32F9C27-B171-4915-BCA6-745AD5C0BBDC}.Release installer|ARM.Build.0 = Release installer|Any CPU
		{F32F9C27-B171-4915-BCA6-745AD5C0BBDC}.Release installer|Mixed Platforms.ActiveCfg = Release installer|x86
		{F32F9C27-B171-4915-BCA6-745AD5C0BBDC}.Release installer|Mixed Platforms.Build.0 = Release installer|x86
		{F32F9C27-B171-4915-BCA6-745AD5C0BBDC}.Release installer|Win32.ActiveCfg = Release installer|x86
		{F32F9C27-B171-4915-BCA6-745AD5C0BBDC}.Release installer|Win32.Build.0 = Release installer|x86
		{F32F9C27-B171-4915-BCA6-745AD5C0BBDC}.Release installer|x64.ActiveCfg = Release installer|x64
		{F32F9C27-B171-4915-BCA6-745AD5C0BBDC}.Release installer|x86.ActiveCfg = Release installer|x86
		{F32F9C27-B171-4915-BCA6-745AD5C0BBDC}.Release|Any CPU.ActiveCfg = Release|Any CPU
		{F32F9C27-B171-4915-BCA6-745AD5C0BBDC}.Release|Any CPU.Build.0 = Release|Any CPU
		{F32F9C27-B171-4915-BCA6-745AD5C0BBDC}.Release|ARM.ActiveCfg = Release|Any CPU
		{F32F9C27-B171-4915-BCA6-745AD5C0BBDC}.Release|ARM.Build.0 = Release|Any CPU
		{F32F9C27-B171-4915-BCA6-745AD5C0BBDC}.Release|Mixed Platforms.ActiveCfg = Release|Any CPU
		{F32F9C27-B171-4915-BCA6-745AD5C0BBDC}.Release|Mixed Platforms.Build.0 = Release|Any CPU
		{F32F9C27-B171-4915-BCA6-745AD5C0BBDC}.Release|Win32.ActiveCfg = Release|x64
		{F32F9C27-B171-4915-BCA6-745AD5C0BBDC}.Release|x64.ActiveCfg = Release|x64
		{F32F9C27-B171-4915-BCA6-745AD5C0BBDC}.Release|x64.Build.0 = Release|x64
		{F32F9C27-B171-4915-BCA6-745AD5C0BBDC}.Release|x86.ActiveCfg = Release|x86
		{F32F9C27-B171-4915-BCA6-745AD5C0BBDC}.Release|x86.Build.0 = Release|x86
		{CC64DF99-111F-4A6F-91B6-4CDF1D3BBD4E}.Debug|Any CPU.ActiveCfg = Debug
		{CC64DF99-111F-4A6F-91B6-4CDF1D3BBD4E}.Debug|ARM.ActiveCfg = Debug
		{CC64DF99-111F-4A6F-91B6-4CDF1D3BBD4E}.Debug|ARM.Build.0 = Debug
		{CC64DF99-111F-4A6F-91B6-4CDF1D3BBD4E}.Debug|Mixed Platforms.ActiveCfg = Debug
		{CC64DF99-111F-4A6F-91B6-4CDF1D3BBD4E}.Debug|Win32.ActiveCfg = Debug
		{CC64DF99-111F-4A6F-91B6-4CDF1D3BBD4E}.Debug|x64.ActiveCfg = Debug
		{CC64DF99-111F-4A6F-91B6-4CDF1D3BBD4E}.Debug|x86.ActiveCfg = Debug
		{CC64DF99-111F-4A6F-91B6-4CDF1D3BBD4E}.Release installer|Any CPU.ActiveCfg = Release installer
		{CC64DF99-111F-4A6F-91B6-4CDF1D3BBD4E}.Release installer|Any CPU.Build.0 = Release installer
		{CC64DF99-111F-4A6F-91B6-4CDF1D3BBD4E}.Release installer|ARM.ActiveCfg = Release installer
		{CC64DF99-111F-4A6F-91B6-4CDF1D3BBD4E}.Release installer|ARM.Build.0 = Release installer
		{CC64DF99-111F-4A6F-91B6-4CDF1D3BBD4E}.Release installer|Mixed Platforms.ActiveCfg = Release installer
		{CC64DF99-111F-4A6F-91B6-4CDF1D3BBD4E}.Release installer|Mixed Platforms.Build.0 = Release installer
		{CC64DF99-111F-4A6F-91B6-4CDF1D3BBD4E}.Release installer|Win32.ActiveCfg = Release installer
		{CC64DF99-111F-4A6F-91B6-4CDF1D3BBD4E}.Release installer|Win32.Build.0 = Release installer
		{CC64DF99-111F-4A6F-91B6-4CDF1D3BBD4E}.Release installer|x64.ActiveCfg = Release installer
		{CC64DF99-111F-4A6F-91B6-4CDF1D3BBD4E}.Release installer|x64.Build.0 = Release installer
		{CC64DF99-111F-4A6F-91B6-4CDF1D3BBD4E}.Release installer|x86.ActiveCfg = Release installer
		{CC64DF99-111F-4A6F-91B6-4CDF1D3BBD4E}.Release installer|x86.Build.0 = Release installer
		{CC64DF99-111F-4A6F-91B6-4CDF1D3BBD4E}.Release|Any CPU.ActiveCfg = Release
		{CC64DF99-111F-4A6F-91B6-4CDF1D3BBD4E}.Release|ARM.ActiveCfg = Release
		{CC64DF99-111F-4A6F-91B6-4CDF1D3BBD4E}.Release|Mixed Platforms.ActiveCfg = Release
		{CC64DF99-111F-4A6F-91B6-4CDF1D3BBD4E}.Release|Win32.ActiveCfg = Release
		{CC64DF99-111F-4A6F-91B6-4CDF1D3BBD4E}.Release|x64.ActiveCfg = Release
		{CC64DF99-111F-4A6F-91B6-4CDF1D3BBD4E}.Release|x86.ActiveCfg = Release
		{85B3699A-ED2F-4315-992E-0970CC027951}.Debug|Any CPU.ActiveCfg = Debug|x64
		{85B3699A-ED2F-4315-992E-0970CC027951}.Debug|ARM.ActiveCfg = Debug|ARM
		{85B3699A-ED2F-4315-992E-0970CC027951}.Debug|ARM.Build.0 = Debug|ARM
		{85B3699A-ED2F-4315-992E-0970CC027951}.Debug|Mixed Platforms.ActiveCfg = Debug|x64
		{85B3699A-ED2F-4315-992E-0970CC027951}.Debug|Mixed Platforms.Build.0 = Debug|x64
		{85B3699A-ED2F-4315-992E-0970CC027951}.Debug|Win32.ActiveCfg = Debug|Win32
		{85B3699A-ED2F-4315-992E-0970CC027951}.Debug|Win32.Build.0 = Debug|Win32
		{85B3699A-ED2F-4315-992E-0970CC027951}.Debug|x64.ActiveCfg = Debug|x64
		{85B3699A-ED2F-4315-992E-0970CC027951}.Debug|x64.Build.0 = Debug|x64
		{85B3699A-ED2F-4315-992E-0970CC027951}.Debug|x86.ActiveCfg = Debug|Win32
		{85B3699A-ED2F-4315-992E-0970CC027951}.Debug|x86.Build.0 = Debug|Win32
		{85B3699A-ED2F-4315-992E-0970CC027951}.Release installer|Any CPU.ActiveCfg = Release installer|Win32
		{85B3699A-ED2F-4315-992E-0970CC027951}.Release installer|ARM.ActiveCfg = Release installer|ARM
		{85B3699A-ED2F-4315-992E-0970CC027951}.Release installer|Mixed Platforms.ActiveCfg = Release installer|Win32
		{85B3699A-ED2F-4315-992E-0970CC027951}.Release installer|Mixed Platforms.Build.0 = Release installer|Win32
		{85B3699A-ED2F-4315-992E-0970CC027951}.Release installer|Win32.ActiveCfg = Release installer|Win32
		{85B3699A-ED2F-4315-992E-0970CC027951}.Release installer|x64.ActiveCfg = Release installer|x64
		{85B3699A-ED2F-4315-992E-0970CC027951}.Release installer|x86.ActiveCfg = Release installer|Win32
		{85B3699A-ED2F-4315-992E-0970CC027951}.Release|Any CPU.ActiveCfg = Release|x64
		{85B3699A-ED2F-4315-992E-0970CC027951}.Release|ARM.ActiveCfg = Release|ARM
		{85B3699A-ED2F-4315-992E-0970CC027951}.Release|ARM.Build.0 = Release|ARM
		{85B3699A-ED2F-4315-992E-0970CC027951}.Release|Mixed Platforms.ActiveCfg = Release|x64
		{85B3699A-ED2F-4315-992E-0970CC027951}.Release|Mixed Platforms.Build.0 = Release|x64
		{85B3699A-ED2F-4315-992E-0970CC027951}.Release|Win32.ActiveCfg = Release|Win32
		{85B3699A-ED2F-4315-992E-0970CC027951}.Release|Win32.Build.0 = Release|Win32
		{85B3699A-ED2F-4315-992E-0970CC027951}.Release|x64.ActiveCfg = Release|x64
		{85B3699A-ED2F-4315-992E-0970CC027951}.Release|x64.Build.0 = Release|x64
		{85B3699A-ED2F-4315-992E-0970CC027951}.Release|x86.ActiveCfg = Release|Win32
		{85B3699A-ED2F-4315-992E-0970CC027951}.Release|x86.Build.0 = Release|Win32
		{FF1FF24C-32AE-493E-870D-475C32C44B65}.Debug|Any CPU.ActiveCfg = Debug|Any CPU
		{FF1FF24C-32AE-493E-870D-475C32C44B65}.Debug|Any CPU.Build.0 = Debug|Any CPU
		{FF1FF24C-32AE-493E-870D-475C32C44B65}.Debug|ARM.ActiveCfg = Debug|Any CPU
		{FF1FF24C-32AE-493E-870D-475C32C44B65}.Debug|ARM.Build.0 = Debug|Any CPU
		{FF1FF24C-32AE-493E-870D-475C32C44B65}.Debug|Mixed Platforms.ActiveCfg = Debug|x86
		{FF1FF24C-32AE-493E-870D-475C32C44B65}.Debug|Mixed Platforms.Build.0 = Debug|x86
		{FF1FF24C-32AE-493E-870D-475C32C44B65}.Debug|Win32.ActiveCfg = Debug|x86
		{FF1FF24C-32AE-493E-870D-475C32C44B65}.Debug|x64.ActiveCfg = Debug|x64
		{FF1FF24C-32AE-493E-870D-475C32C44B65}.Debug|x64.Build.0 = Debug|x64
		{FF1FF24C-32AE-493E-870D-475C32C44B65}.Debug|x86.ActiveCfg = Debug|x86
		{FF1FF24C-32AE-493E-870D-475C32C44B65}.Debug|x86.Build.0 = Debug|x86
		{FF1FF24C-32AE-493E-870D-475C32C44B65}.Release installer|Any CPU.ActiveCfg = Release installer|Any CPU
		{FF1FF24C-32AE-493E-870D-475C32C44B65}.Release installer|ARM.ActiveCfg = Release installer|Any CPU
		{FF1FF24C-32AE-493E-870D-475C32C44B65}.Release installer|ARM.Build.0 = Release installer|Any CPU
		{FF1FF24C-32AE-493E-870D-475C32C44B65}.Release installer|Mixed Platforms.ActiveCfg = Release installer|x86
		{FF1FF24C-32AE-493E-870D-475C32C44B65}.Release installer|Mixed Platforms.Build.0 = Release installer|x86
		{FF1FF24C-32AE-493E-870D-475C32C44B65}.Release installer|Win32.ActiveCfg = Release installer|x86
		{FF1FF24C-32AE-493E-870D-475C32C44B65}.Release installer|Win32.Build.0 = Release installer|x86
		{FF1FF24C-32AE-493E-870D-475C32C44B65}.Release installer|x64.ActiveCfg = Release installer|x64
		{FF1FF24C-32AE-493E-870D-475C32C44B65}.Release installer|x86.ActiveCfg = Release installer|x86
		{FF1FF24C-32AE-493E-870D-475C32C44B65}.Release|Any CPU.ActiveCfg = Release|Any CPU
		{FF1FF24C-32AE-493E-870D-475C32C44B65}.Release|Any CPU.Build.0 = Release|Any CPU
		{FF1FF24C-32AE-493E-870D-475C32C44B65}.Release|ARM.ActiveCfg = Release|Any CPU
		{FF1FF24C-32AE-493E-870D-475C32C44B65}.Release|ARM.Build.0 = Release|Any CPU
		{FF1FF24C-32AE-493E-870D-475C32C44B65}.Release|Mixed Platforms.ActiveCfg = Release|x86
		{FF1FF24C-32AE-493E-870D-475C32C44B65}.Release|Mixed Platforms.Build.0 = Release|x86
		{FF1FF24C-32AE-493E-870D-475C32C44B65}.Release|Win32.ActiveCfg = Release|x86
		{FF1FF24C-32AE-493E-870D-475C32C44B65}.Release|x64.ActiveCfg = Release|x64
		{FF1FF24C-32AE-493E-870D-475C32C44B65}.Release|x64.Build.0 = Release|x64
		{FF1FF24C-32AE-493E-870D-475C32C44B65}.Release|x86.ActiveCfg = Release|x86
		{FF1FF24C-32AE-493E-870D-475C32C44B65}.Release|x86.Build.0 = Release|x86
		{27F6734F-F19A-4D64-B6FC-A0A4D8ACA5F9}.Debug|Any CPU.ActiveCfg = Debug|Any CPU
		{27F6734F-F19A-4D64-B6FC-A0A4D8ACA5F9}.Debug|Any CPU.Build.0 = Debug|Any CPU
		{27F6734F-F19A-4D64-B6FC-A0A4D8ACA5F9}.Debug|ARM.ActiveCfg = Debug|Any CPU
		{27F6734F-F19A-4D64-B6FC-A0A4D8ACA5F9}.Debug|ARM.Build.0 = Debug|Any CPU
		{27F6734F-F19A-4D64-B6FC-A0A4D8ACA5F9}.Debug|Mixed Platforms.ActiveCfg = Debug|Any CPU
		{27F6734F-F19A-4D64-B6FC-A0A4D8ACA5F9}.Debug|Mixed Platforms.Build.0 = Debug|Any CPU
		{27F6734F-F19A-4D64-B6FC-A0A4D8ACA5F9}.Debug|Win32.ActiveCfg = Debug|Any CPU
		{27F6734F-F19A-4D64-B6FC-A0A4D8ACA5F9}.Debug|x64.ActiveCfg = Debug|x64
		{27F6734F-F19A-4D64-B6FC-A0A4D8ACA5F9}.Debug|x64.Build.0 = Debug|x64
		{27F6734F-F19A-4D64-B6FC-A0A4D8ACA5F9}.Debug|x86.ActiveCfg = Debug|x86
		{27F6734F-F19A-4D64-B6FC-A0A4D8ACA5F9}.Debug|x86.Build.0 = Debug|x86
		{27F6734F-F19A-4D64-B6FC-A0A4D8ACA5F9}.Release installer|Any CPU.ActiveCfg = Release installer|Any CPU
		{27F6734F-F19A-4D64-B6FC-A0A4D8ACA5F9}.Release installer|ARM.ActiveCfg = Release installer|Any CPU
		{27F6734F-F19A-4D64-B6FC-A0A4D8ACA5F9}.Release installer|ARM.Build.0 = Release installer|Any CPU
		{27F6734F-F19A-4D64-B6FC-A0A4D8ACA5F9}.Release installer|Mixed Platforms.ActiveCfg = Release installer|x86
		{27F6734F-F19A-4D64-B6FC-A0A4D8ACA5F9}.Release installer|Mixed Platforms.Build.0 = Release installer|x86
		{27F6734F-F19A-4D64-B6FC-A0A4D8ACA5F9}.Release installer|Win32.ActiveCfg = Release installer|x86
		{27F6734F-F19A-4D64-B6FC-A0A4D8ACA5F9}.Release installer|Win32.Build.0 = Release installer|x86
		{27F6734F-F19A-4D64-B6FC-A0A4D8ACA5F9}.Release installer|x64.ActiveCfg = Release installer|x64
		{27F6734F-F19A-4D64-B6FC-A0A4D8ACA5F9}.Release installer|x86.ActiveCfg = Release installer|x86
		{27F6734F-F19A-4D64-B6FC-A0A4D8ACA5F9}.Release|Any CPU.ActiveCfg = Release|Any CPU
		{27F6734F-F19A-4D64-B6FC-A0A4D8ACA5F9}.Release|Any CPU.Build.0 = Release|Any CPU
		{27F6734F-F19A-4D64-B6FC-A0A4D8ACA5F9}.Release|ARM.ActiveCfg = Release|Any CPU
		{27F6734F-F19A-4D64-B6FC-A0A4D8ACA5F9}.Release|ARM.Build.0 = Release|Any CPU
		{27F6734F-F19A-4D64-B6FC-A0A4D8ACA5F9}.Release|Mixed Platforms.ActiveCfg = Release|Any CPU
		{27F6734F-F19A-4D64-B6FC-A0A4D8ACA5F9}.Release|Mixed Platforms.Build.0 = Release|Any CPU
		{27F6734F-F19A-4D64-B6FC-A0A4D8ACA5F9}.Release|Win32.ActiveCfg = Release|Any CPU
		{27F6734F-F19A-4D64-B6FC-A0A4D8ACA5F9}.Release|x64.ActiveCfg = Release|x64
		{27F6734F-F19A-4D64-B6FC-A0A4D8ACA5F9}.Release|x64.Build.0 = Release|x64
		{27F6734F-F19A-4D64-B6FC-A0A4D8ACA5F9}.Release|x86.ActiveCfg = Release|x86
		{27F6734F-F19A-4D64-B6FC-A0A4D8ACA5F9}.Release|x86.Build.0 = Release|x86
		{0E9350B1-52CA-4ED2-A738-3D43F5FC4092}.Debug|Any CPU.ActiveCfg = Debug|Any CPU
		{0E9350B1-52CA-4ED2-A738-3D43F5FC4092}.Debug|Any CPU.Build.0 = Debug|Any CPU
		{0E9350B1-52CA-4ED2-A738-3D43F5FC4092}.Debug|ARM.ActiveCfg = Debug|Any CPU
		{0E9350B1-52CA-4ED2-A738-3D43F5FC4092}.Debug|ARM.Build.0 = Debug|Any CPU
		{0E9350B1-52CA-4ED2-A738-3D43F5FC4092}.Debug|Mixed Platforms.ActiveCfg = Debug|x86
		{0E9350B1-52CA-4ED2-A738-3D43F5FC4092}.Debug|Mixed Platforms.Build.0 = Debug|x86
		{0E9350B1-52CA-4ED2-A738-3D43F5FC4092}.Debug|Win32.ActiveCfg = Debug|x86
		{0E9350B1-52CA-4ED2-A738-3D43F5FC4092}.Debug|x64.ActiveCfg = Debug|x64
		{0E9350B1-52CA-4ED2-A738-3D43F5FC4092}.Debug|x64.Build.0 = Debug|x64
		{0E9350B1-52CA-4ED2-A738-3D43F5FC4092}.Debug|x86.ActiveCfg = Debug|x86
		{0E9350B1-52CA-4ED2-A738-3D43F5FC4092}.Debug|x86.Build.0 = Debug|x86
		{0E9350B1-52CA-4ED2-A738-3D43F5FC4092}.Release installer|Any CPU.ActiveCfg = Release installer|Any CPU
		{0E9350B1-52CA-4ED2-A738-3D43F5FC4092}.Release installer|ARM.ActiveCfg = Release installer|Any CPU
		{0E9350B1-52CA-4ED2-A738-3D43F5FC4092}.Release installer|ARM.Build.0 = Release installer|Any CPU
		{0E9350B1-52CA-4ED2-A738-3D43F5FC4092}.Release installer|Mixed Platforms.ActiveCfg = Release installer|x86
		{0E9350B1-52CA-4ED2-A738-3D43F5FC4092}.Release installer|Mixed Platforms.Build.0 = Release installer|x86
		{0E9350B1-52CA-4ED2-A738-3D43F5FC4092}.Release installer|Win32.ActiveCfg = Release installer|x86
		{0E9350B1-52CA-4ED2-A738-3D43F5FC4092}.Release installer|Win32.Build.0 = Release installer|x86
		{0E9350B1-52CA-4ED2-A738-3D43F5FC4092}.Release installer|x64.ActiveCfg = Release installer|x64
		{0E9350B1-52CA-4ED2-A738-3D43F5FC4092}.Release installer|x86.ActiveCfg = Release installer|x86
		{0E9350B1-52CA-4ED2-A738-3D43F5FC4092}.Release|Any CPU.ActiveCfg = Release|Any CPU
		{0E9350B1-52CA-4ED2-A738-3D43F5FC4092}.Release|Any CPU.Build.0 = Release|Any CPU
		{0E9350B1-52CA-4ED2-A738-3D43F5FC4092}.Release|ARM.ActiveCfg = Release|Any CPU
		{0E9350B1-52CA-4ED2-A738-3D43F5FC4092}.Release|ARM.Build.0 = Release|Any CPU
		{0E9350B1-52CA-4ED2-A738-3D43F5FC4092}.Release|Mixed Platforms.ActiveCfg = Release|x86
		{0E9350B1-52CA-4ED2-A738-3D43F5FC4092}.Release|Mixed Platforms.Build.0 = Release|x86
		{0E9350B1-52CA-4ED2-A738-3D43F5FC4092}.Release|Win32.ActiveCfg = Release|x86
		{0E9350B1-52CA-4ED2-A738-3D43F5FC4092}.Release|x64.ActiveCfg = Release|x64
		{0E9350B1-52CA-4ED2-A738-3D43F5FC4092}.Release|x64.Build.0 = Release|x64
		{0E9350B1-52CA-4ED2-A738-3D43F5FC4092}.Release|x86.ActiveCfg = Release|x86
		{0E9350B1-52CA-4ED2-A738-3D43F5FC4092}.Release|x86.Build.0 = Release|x86
		{3B1E544C-D91A-43B5-A69A-3BB013402561}.Debug|Any CPU.ActiveCfg = Debug
		{3B1E544C-D91A-43B5-A69A-3BB013402561}.Debug|Any CPU.Build.0 = Debug
		{3B1E544C-D91A-43B5-A69A-3BB013402561}.Debug|ARM.ActiveCfg = Debug
		{3B1E544C-D91A-43B5-A69A-3BB013402561}.Debug|ARM.Build.0 = Debug
		{3B1E544C-D91A-43B5-A69A-3BB013402561}.Debug|Mixed Platforms.ActiveCfg = Debug
		{3B1E544C-D91A-43B5-A69A-3BB013402561}.Debug|Mixed Platforms.Build.0 = Debug
		{3B1E544C-D91A-43B5-A69A-3BB013402561}.Debug|Win32.ActiveCfg = Debug
		{3B1E544C-D91A-43B5-A69A-3BB013402561}.Debug|Win32.Build.0 = Debug
		{3B1E544C-D91A-43B5-A69A-3BB013402561}.Debug|x64.ActiveCfg = Debug
		{3B1E544C-D91A-43B5-A69A-3BB013402561}.Debug|x86.ActiveCfg = Debug
		{3B1E544C-D91A-43B5-A69A-3BB013402561}.Release installer|Any CPU.ActiveCfg = Release installer
		{3B1E544C-D91A-43B5-A69A-3BB013402561}.Release installer|ARM.ActiveCfg = Release installer
		{3B1E544C-D91A-43B5-A69A-3BB013402561}.Release installer|ARM.Build.0 = Release installer
		{3B1E544C-D91A-43B5-A69A-3BB013402561}.Release installer|Mixed Platforms.ActiveCfg = Release installer
		{3B1E544C-D91A-43B5-A69A-3BB013402561}.Release installer|Mixed Platforms.Build.0 = Release installer
		{3B1E544C-D91A-43B5-A69A-3BB013402561}.Release installer|Win32.ActiveCfg = Release installer
		{3B1E544C-D91A-43B5-A69A-3BB013402561}.Release installer|Win32.Build.0 = Release installer
		{3B1E544C-D91A-43B5-A69A-3BB013402561}.Release installer|x64.ActiveCfg = Release installer
		{3B1E544C-D91A-43B5-A69A-3BB013402561}.Release installer|x64.Build.0 = Release installer
		{3B1E544C-D91A-43B5-A69A-3BB013402561}.Release installer|x86.ActiveCfg = Release installer
		{3B1E544C-D91A-43B5-A69A-3BB013402561}.Release|Any CPU.ActiveCfg = Release
		{3B1E544C-D91A-43B5-A69A-3BB013402561}.Release|Any CPU.Build.0 = Release
		{3B1E544C-D91A-43B5-A69A-3BB013402561}.Release|ARM.ActiveCfg = Release
		{3B1E544C-D91A-43B5-A69A-3BB013402561}.Release|ARM.Build.0 = Release
		{3B1E544C-D91A-43B5-A69A-3BB013402561}.Release|Mixed Platforms.ActiveCfg = Release
		{3B1E544C-D91A-43B5-A69A-3BB013402561}.Release|Mixed Platforms.Build.0 = Release
		{3B1E544C-D91A-43B5-A69A-3BB013402561}.Release|Win32.ActiveCfg = Release
		{3B1E544C-D91A-43B5-A69A-3BB013402561}.Release|Win32.Build.0 = Release
		{3B1E544C-D91A-43B5-A69A-3BB013402561}.Release|x64.ActiveCfg = Release
		{3B1E544C-D91A-43B5-A69A-3BB013402561}.Release|x64.Build.0 = Release
		{3B1E544C-D91A-43B5-A69A-3BB013402561}.Release|x86.ActiveCfg = Release
		{E02A3C5F-07AB-44BA-9689-49748589C888}.Debug|Any CPU.ActiveCfg = Debug|Any CPU
		{E02A3C5F-07AB-44BA-9689-49748589C888}.Debug|Any CPU.Build.0 = Debug|Any CPU
		{E02A3C5F-07AB-44BA-9689-49748589C888}.Debug|ARM.ActiveCfg = Debug|Any CPU
		{E02A3C5F-07AB-44BA-9689-49748589C888}.Debug|ARM.Build.0 = Debug|Any CPU
		{E02A3C5F-07AB-44BA-9689-49748589C888}.Debug|Mixed Platforms.ActiveCfg = Debug|x86
		{E02A3C5F-07AB-44BA-9689-49748589C888}.Debug|Mixed Platforms.Build.0 = Debug|x86
		{E02A3C5F-07AB-44BA-9689-49748589C888}.Debug|Win32.ActiveCfg = Debug|x86
		{E02A3C5F-07AB-44BA-9689-49748589C888}.Debug|Win32.Build.0 = Debug|x86
		{E02A3C5F-07AB-44BA-9689-49748589C888}.Debug|x64.ActiveCfg = Debug|x64
		{E02A3C5F-07AB-44BA-9689-49748589C888}.Debug|x64.Build.0 = Debug|x64
		{E02A3C5F-07AB-44BA-9689-49748589C888}.Debug|x86.ActiveCfg = Debug|x86
		{E02A3C5F-07AB-44BA-9689-49748589C888}.Debug|x86.Build.0 = Debug|x86
		{E02A3C5F-07AB-44BA-9689-49748589C888}.Release installer|Any CPU.ActiveCfg = Release installer|Any CPU
		{E02A3C5F-07AB-44BA-9689-49748589C888}.Release installer|ARM.ActiveCfg = Release installer|Any CPU
		{E02A3C5F-07AB-44BA-9689-49748589C888}.Release installer|ARM.Build.0 = Release installer|Any CPU
		{E02A3C5F-07AB-44BA-9689-49748589C888}.Release installer|Mixed Platforms.ActiveCfg = Release installer|x86
		{E02A3C5F-07AB-44BA-9689-49748589C888}.Release installer|Mixed Platforms.Build.0 = Release installer|x86
		{E02A3C5F-07AB-44BA-9689-49748589C888}.Release installer|Win32.ActiveCfg = Release installer|x86
		{E02A3C5F-07AB-44BA-9689-49748589C888}.Release installer|Win32.Build.0 = Release installer|x86
		{E02A3C5F-07AB-44BA-9689-49748589C888}.Release installer|x64.ActiveCfg = Release installer|x64
		{E02A3C5F-07AB-44BA-9689-49748589C888}.Release installer|x86.ActiveCfg = Release installer|x86
		{E02A3C5F-07AB-44BA-9689-49748589C888}.Release|Any CPU.ActiveCfg = Release|Any CPU
		{E02A3C5F-07AB-44BA-9689-49748589C888}.Release|Any CPU.Build.0 = Release|Any CPU
		{E02A3C5F-07AB-44BA-9689-49748589C888}.Release|ARM.ActiveCfg = Release|Any CPU
		{E02A3C5F-07AB-44BA-9689-49748589C888}.Release|ARM.Build.0 = Release|Any CPU
		{E02A3C5F-07AB-44BA-9689-49748589C888}.Release|Mixed Platforms.ActiveCfg = Release|x86
		{E02A3C5F-07AB-44BA-9689-49748589C888}.Release|Mixed Platforms.Build.0 = Release|x86
		{E02A3C5F-07AB-44BA-9689-49748589C888}.Release|Win32.ActiveCfg = Release|x86
		{E02A3C5F-07AB-44BA-9689-49748589C888}.Release|Win32.Build.0 = Release|x86
		{E02A3C5F-07AB-44BA-9689-49748589C888}.Release|x64.ActiveCfg = Release|x64
		{E02A3C5F-07AB-44BA-9689-49748589C888}.Release|x64.Build.0 = Release|x64
		{E02A3C5F-07AB-44BA-9689-49748589C888}.Release|x86.ActiveCfg = Release|x86
		{E02A3C5F-07AB-44BA-9689-49748589C888}.Release|x86.Build.0 = Release|x86
	EndGlobalSection
	GlobalSection(SolutionProperties) = preSolution
		HideSolutionNode = FALSE
	EndGlobalSection
	GlobalSection(ExtensibilityGlobals) = postSolution
		SolutionGuid = {CAC3B027-A83E-4648-9C29-237985C8C34C}
	EndGlobalSection
EndGlobal
